// !$*UTF8*$!
{
	archiveVersion = 1;
	classes = {
	};
	objectVersion = 55;
	objects = {

/* Begin PBXBuildFile section */
		65F8032328B9249D0039E5F9 /* AppDelegate.swift in Sources */ = {isa = PBXBuildFile; fileRef = 65F8032228B9249D0039E5F9 /* AppDelegate.swift */; };
		65F8032528B9249D0039E5F9 /* SceneDelegate.swift in Sources */ = {isa = PBXBuildFile; fileRef = 65F8032428B9249D0039E5F9 /* SceneDelegate.swift */; };
		65F8032728B9249D0039E5F9 /* ViewController.swift in Sources */ = {isa = PBXBuildFile; fileRef = 65F8032628B9249D0039E5F9 /* ViewController.swift */; };
		65F8032A28B9249D0039E5F9 /* Main.storyboard in Resources */ = {isa = PBXBuildFile; fileRef = 65F8032828B9249D0039E5F9 /* Main.storyboard */; };
		65F8032C28B9249D0039E5F9 /* Assets.xcassets in Resources */ = {isa = PBXBuildFile; fileRef = 65F8032B28B9249D0039E5F9 /* Assets.xcassets */; };
		65F8032F28B9249D0039E5F9 /* LaunchScreen.storyboard in Resources */ = {isa = PBXBuildFile; fileRef = 65F8032D28B9249D0039E5F9 /* LaunchScreen.storyboard */; };
		65F8033A28B9249D0039E5F9 /* SuperViewTests.swift in Sources */ = {isa = PBXBuildFile; fileRef = 65F8033928B9249D0039E5F9 /* SuperViewTests.swift */; };
		65F8034428B9249E0039E5F9 /* SuperViewUITests.swift in Sources */ = {isa = PBXBuildFile; fileRef = 65F8034328B9249E0039E5F9 /* SuperViewUITests.swift */; };
		65F8034628B9249E0039E5F9 /* SuperViewUITestsLaunchTests.swift in Sources */ = {isa = PBXBuildFile; fileRef = 65F8034528B9249E0039E5F9 /* SuperViewUITestsLaunchTests.swift */; };
/* End PBXBuildFile section */

/* Begin PBXContainerItemProxy section */
		65F8033628B9249D0039E5F9 /* PBXContainerItemProxy */ = {
			isa = PBXContainerItemProxy;
			containerPortal = 65F8031728B9249D0039E5F9 /* Project object */;
			proxyType = 1;
			remoteGlobalIDString = 65F8031E28B9249D0039E5F9;
			remoteInfo = SuperView;
		};
		65F8034028B9249E0039E5F9 /* PBXContainerItemProxy */ = {
			isa = PBXContainerItemProxy;
			containerPortal = 65F8031728B9249D0039E5F9 /* Project object */;
			proxyType = 1;
			remoteGlobalIDString = 65F8031E28B9249D0039E5F9;
			remoteInfo = SuperView;
		};
/* End PBXContainerItemProxy section */

/* Begin PBXFileReference section */
		65F8031F28B9249D0039E5F9 /* SuperView.app */ = {isa = PBXFileReference; explicitFileType = wrapper.application; includeInIndex = 0; path = SuperView.app; sourceTree = BUILT_PRODUCTS_DIR; };
		65F8032228B9249D0039E5F9 /* AppDelegate.swift */ = {isa = PBXFileReference; lastKnownFileType = sourcecode.swift; path = AppDelegate.swift; sourceTree = "<group>"; };
		65F8032428B9249D0039E5F9 /* SceneDelegate.swift */ = {isa = PBXFileReference; lastKnownFileType = sourcecode.swift; path = SceneDelegate.swift; sourceTree = "<group>"; };
		65F8032628B9249D0039E5F9 /* ViewController.swift */ = {isa = PBXFileReference; lastKnownFileType = sourcecode.swift; path = ViewController.swift; sourceTree = "<group>"; };
		65F8032928B9249D0039E5F9 /* Base */ = {isa = PBXFileReference; lastKnownFileType = file.storyboard; name = Base; path = Base.lproj/Main.storyboard; sourceTree = "<group>"; };
		65F8032B28B9249D0039E5F9 /* Assets.xcassets */ = {isa = PBXFileReference; lastKnownFileType = folder.assetcatalog; path = Assets.xcassets; sourceTree = "<group>"; };
		65F8032E28B9249D0039E5F9 /* Base */ = {isa = PBXFileReference; lastKnownFileType = file.storyboard; name = Base; path = Base.lproj/LaunchScreen.storyboard; sourceTree = "<group>"; };
		65F8033028B9249D0039E5F9 /* Info.plist */ = {isa = PBXFileReference; lastKnownFileType = text.plist.xml; path = Info.plist; sourceTree = "<group>"; };
		65F8033528B9249D0039E5F9 /* SuperViewTests.xctest */ = {isa = PBXFileReference; explicitFileType = wrapper.cfbundle; includeInIndex = 0; path = SuperViewTests.xctest; sourceTree = BUILT_PRODUCTS_DIR; };
		65F8033928B9249D0039E5F9 /* SuperViewTests.swift */ = {isa = PBXFileReference; lastKnownFileType = sourcecode.swift; path = SuperViewTests.swift; sourceTree = "<group>"; };
		65F8033F28B9249E0039E5F9 /* SuperViewUITests.xctest */ = {isa = PBXFileReference; explicitFileType = wrapper.cfbundle; includeInIndex = 0; path = SuperViewUITests.xctest; sourceTree = BUILT_PRODUCTS_DIR; };
		65F8034328B9249E0039E5F9 /* SuperViewUITests.swift */ = {isa = PBXFileReference; lastKnownFileType = sourcecode.swift; path = SuperViewUITests.swift; sourceTree = "<group>"; };
		65F8034528B9249E0039E5F9 /* SuperViewUITestsLaunchTests.swift */ = {isa = PBXFileReference; lastKnownFileType = sourcecode.swift; path = SuperViewUITestsLaunchTests.swift; sourceTree = "<group>"; };
/* End PBXFileReference section */

/* Begin PBXFrameworksBuildPhase section */
		65F8031C28B9249D0039E5F9 /* Frameworks */ = {
			isa = PBXFrameworksBuildPhase;
			buildActionMask = 2147483647;
			files = (
			);
			runOnlyForDeploymentPostprocessing = 0;
		};
		65F8033228B9249D0039E5F9 /* Frameworks */ = {
			isa = PBXFrameworksBuildPhase;
			buildActionMask = 2147483647;
			files = (
			);
			runOnlyForDeploymentPostprocessing = 0;
		};
		65F8033C28B9249E0039E5F9 /* Frameworks */ = {
			isa = PBXFrameworksBuildPhase;
			buildActionMask = 2147483647;
			files = (
			);
			runOnlyForDeploymentPostprocessing = 0;
		};
/* End PBXFrameworksBuildPhase section */

/* Begin PBXGroup section */
		65F8031628B9249D0039E5F9 = {
			isa = PBXGroup;
			children = (
				65F8032128B9249D0039E5F9 /* SuperView */,
				65F8033828B9249D0039E5F9 /* SuperViewTests */,
				65F8034228B9249E0039E5F9 /* SuperViewUITests */,
				65F8032028B9249D0039E5F9 /* Products */,
			);
			sourceTree = "<group>";
		};
		65F8032028B9249D0039E5F9 /* Products */ = {
			isa = PBXGroup;
			children = (
				65F8031F28B9249D0039E5F9 /* SuperView.app */,
				65F8033528B9249D0039E5F9 /* SuperViewTests.xctest */,
				65F8033F28B9249E0039E5F9 /* SuperViewUITests.xctest */,
			);
			name = Products;
			sourceTree = "<group>";
		};
		65F8032128B9249D0039E5F9 /* SuperView */ = {
			isa = PBXGroup;
			children = (
				65F8032228B9249D0039E5F9 /* AppDelegate.swift */,
				65F8032428B9249D0039E5F9 /* SceneDelegate.swift */,
				65F8032628B9249D0039E5F9 /* ViewController.swift */,
				65F8032828B9249D0039E5F9 /* Main.storyboard */,
				65F8032B28B9249D0039E5F9 /* Assets.xcassets */,
				65F8032D28B9249D0039E5F9 /* LaunchScreen.storyboard */,
				65F8033028B9249D0039E5F9 /* Info.plist */,
			);
			path = SuperView;
			sourceTree = "<group>";
		};
		65F8033828B9249D0039E5F9 /* SuperViewTests */ = {
			isa = PBXGroup;
			children = (
				65F8033928B9249D0039E5F9 /* SuperViewTests.swift */,
			);
			path = SuperViewTests;
			sourceTree = "<group>";
		};
		65F8034228B9249E0039E5F9 /* SuperViewUITests */ = {
			isa = PBXGroup;
			children = (
				65F8034328B9249E0039E5F9 /* SuperViewUITests.swift */,
				65F8034528B9249E0039E5F9 /* SuperViewUITestsLaunchTests.swift */,
			);
			path = SuperViewUITests;
			sourceTree = "<group>";
		};
/* End PBXGroup section */

/* Begin PBXNativeTarget section */
		65F8031E28B9249D0039E5F9 /* SuperView */ = {
			isa = PBXNativeTarget;
			buildConfigurationList = 65F8034928B9249E0039E5F9 /* Build configuration list for PBXNativeTarget "SuperView" */;
			buildPhases = (
				65F8031B28B9249D0039E5F9 /* Sources */,
				65F8031C28B9249D0039E5F9 /* Frameworks */,
				65F8031D28B9249D0039E5F9 /* Resources */,
			);
			buildRules = (
			);
			dependencies = (
			);
			name = SuperView;
			productName = SuperView;
			productReference = 65F8031F28B9249D0039E5F9 /* SuperView.app */;
			productType = "com.apple.product-type.application";
		};
		65F8033428B9249D0039E5F9 /* SuperViewTests */ = {
			isa = PBXNativeTarget;
			buildConfigurationList = 65F8034C28B9249E0039E5F9 /* Build configuration list for PBXNativeTarget "SuperViewTests" */;
			buildPhases = (
				65F8033128B9249D0039E5F9 /* Sources */,
				65F8033228B9249D0039E5F9 /* Frameworks */,
				65F8033328B9249D0039E5F9 /* Resources */,
			);
			buildRules = (
			);
			dependencies = (
				65F8033728B9249D0039E5F9 /* PBXTargetDependency */,
			);
			name = SuperViewTests;
			productName = SuperViewTests;
			productReference = 65F8033528B9249D0039E5F9 /* SuperViewTests.xctest */;
			productType = "com.apple.product-type.bundle.unit-test";
		};
		65F8033E28B9249E0039E5F9 /* SuperViewUITests */ = {
			isa = PBXNativeTarget;
			buildConfigurationList = 65F8034F28B9249E0039E5F9 /* Build configuration list for PBXNativeTarget "SuperViewUITests" */;
			buildPhases = (
				65F8033B28B9249E0039E5F9 /* Sources */,
				65F8033C28B9249E0039E5F9 /* Frameworks */,
				65F8033D28B9249E0039E5F9 /* Resources */,
			);
			buildRules = (
			);
			dependencies = (
				65F8034128B9249E0039E5F9 /* PBXTargetDependency */,
			);
			name = SuperViewUITests;
			productName = SuperViewUITests;
			productReference = 65F8033F28B9249E0039E5F9 /* SuperViewUITests.xctest */;
			productType = "com.apple.product-type.bundle.ui-testing";
		};
/* End PBXNativeTarget section */

/* Begin PBXProject section */
		65F8031728B9249D0039E5F9 /* Project object */ = {
			isa = PBXProject;
			attributes = {
				BuildIndependentTargetsInParallel = 1;
				LastSwiftUpdateCheck = 1340;
				LastUpgradeCheck = 1340;
				TargetAttributes = {
					65F8031E28B9249D0039E5F9 = {
						CreatedOnToolsVersion = 13.4.1;
					};
					65F8033428B9249D0039E5F9 = {
						CreatedOnToolsVersion = 13.4.1;
						TestTargetID = 65F8031E28B9249D0039E5F9;
					};
					65F8033E28B9249E0039E5F9 = {
						CreatedOnToolsVersion = 13.4.1;
						TestTargetID = 65F8031E28B9249D0039E5F9;
					};
				};
			};
			buildConfigurationList = 65F8031A28B9249D0039E5F9 /* Build configuration list for PBXProject "SuperView" */;
			compatibilityVersion = "Xcode 13.0";
			developmentRegion = en;
			hasScannedForEncodings = 0;
			knownRegions = (
				en,
				Base,
			);
			mainGroup = 65F8031628B9249D0039E5F9;
			productRefGroup = 65F8032028B9249D0039E5F9 /* Products */;
			projectDirPath = "";
			projectRoot = "";
			targets = (
				65F8031E28B9249D0039E5F9 /* SuperView */,
				65F8033428B9249D0039E5F9 /* SuperViewTests */,
				65F8033E28B9249E0039E5F9 /* SuperViewUITests */,
			);
		};
/* End PBXProject section */

/* Begin PBXResourcesBuildPhase section */
		65F8031D28B9249D0039E5F9 /* Resources */ = {
			isa = PBXResourcesBuildPhase;
			buildActionMask = 2147483647;
			files = (
				65F8032F28B9249D0039E5F9 /* LaunchScreen.storyboard in Resources */,
				65F8032C28B9249D0039E5F9 /* Assets.xcassets in Resources */,
				65F8032A28B9249D0039E5F9 /* Main.storyboard in Resources */,
			);
			runOnlyForDeploymentPostprocessing = 0;
		};
		65F8033328B9249D0039E5F9 /* Resources */ = {
			isa = PBXResourcesBuildPhase;
			buildActionMask = 2147483647;
			files = (
			);
			runOnlyForDeploymentPostprocessing = 0;
		};
		65F8033D28B9249E0039E5F9 /* Resources */ = {
			isa = PBXResourcesBuildPhase;
			buildActionMask = 2147483647;
			files = (
			);
			runOnlyForDeploymentPostprocessing = 0;
		};
/* End PBXResourcesBuildPhase section */

/* Begin PBXSourcesBuildPhase section */
		65F8031B28B9249D0039E5F9 /* Sources */ = {
			isa = PBXSourcesBuildPhase;
			buildActionMask = 2147483647;
			files = (
				65F8032728B9249D0039E5F9 /* ViewController.swift in Sources */,
				65F8032328B9249D0039E5F9 /* AppDelegate.swift in Sources */,
				65F8032528B9249D0039E5F9 /* SceneDelegate.swift in Sources */,
			);
			runOnlyForDeploymentPostprocessing = 0;
		};
		65F8033128B9249D0039E5F9 /* Sources */ = {
			isa = PBXSourcesBuildPhase;
			buildActionMask = 2147483647;
			files = (
				65F8033A28B9249D0039E5F9 /* SuperViewTests.swift in Sources */,
			);
			runOnlyForDeploymentPostprocessing = 0;
		};
		65F8033B28B9249E0039E5F9 /* Sources */ = {
			isa = PBXSourcesBuildPhase;
			buildActionMask = 2147483647;
			files = (
				65F8034428B9249E0039E5F9 /* SuperViewUITests.swift in Sources */,
				65F8034628B9249E0039E5F9 /* SuperViewUITestsLaunchTests.swift in Sources */,
			);
			runOnlyForDeploymentPostprocessing = 0;
		};
/* End PBXSourcesBuildPhase section */

/* Begin PBXTargetDependency section */
		65F8033728B9249D0039E5F9 /* PBXTargetDependency */ = {
			isa = PBXTargetDependency;
			target = 65F8031E28B9249D0039E5F9 /* SuperView */;
			targetProxy = 65F8033628B9249D0039E5F9 /* PBXContainerItemProxy */;
		};
		65F8034128B9249E0039E5F9 /* PBXTargetDependency */ = {
			isa = PBXTargetDependency;
			target = 65F8031E28B9249D0039E5F9 /* SuperView */;
			targetProxy = 65F8034028B9249E0039E5F9 /* PBXContainerItemProxy */;
		};
/* End PBXTargetDependency section */

/* Begin PBXVariantGroup section */
		65F8032828B9249D0039E5F9 /* Main.storyboard */ = {
			isa = PBXVariantGroup;
			children = (
				65F8032928B9249D0039E5F9 /* Base */,
			);
			name = Main.storyboard;
			sourceTree = "<group>";
		};
		65F8032D28B9249D0039E5F9 /* LaunchScreen.storyboard */ = {
			isa = PBXVariantGroup;
			children = (
				65F8032E28B9249D0039E5F9 /* Base */,
			);
			name = LaunchScreen.storyboard;
			sourceTree = "<group>";
		};
/* End PBXVariantGroup section */

/* Begin XCBuildConfiguration section */
		65F8034728B9249E0039E5F9 /* Debug */ = {
			isa = XCBuildConfiguration;
			buildSettings = {
				ALWAYS_SEARCH_USER_PATHS = NO;
				CLANG_ANALYZER_NONNULL = YES;
				CLANG_ANALYZER_NUMBER_OBJECT_CONVERSION = YES_AGGRESSIVE;
				CLANG_CXX_LANGUAGE_STANDARD = "gnu++17";
				CLANG_ENABLE_MODULES = YES;
				CLANG_ENABLE_OBJC_ARC = YES;
				CLANG_ENABLE_OBJC_WEAK = YES;
				CLANG_WARN_BLOCK_CAPTURE_AUTORELEASING = YES;
				CLANG_WARN_BOOL_CONVERSION = YES;
				CLANG_WARN_COMMA = YES;
				CLANG_WARN_CONSTANT_CONVERSION = YES;
				CLANG_WARN_DEPRECATED_OBJC_IMPLEMENTATIONS = YES;
				CLANG_WARN_DIRECT_OBJC_ISA_USAGE = YES_ERROR;
				CLANG_WARN_DOCUMENTATION_COMMENTS = YES;
				CLANG_WARN_EMPTY_BODY = YES;
				CLANG_WARN_ENUM_CONVERSION = YES;
				CLANG_WARN_INFINITE_RECURSION = YES;
				CLANG_WARN_INT_CONVERSION = YES;
				CLANG_WARN_NON_LITERAL_NULL_CONVERSION = YES;
				CLANG_WARN_OBJC_IMPLICIT_RETAIN_SELF = YES;
				CLANG_WARN_OBJC_LITERAL_CONVERSION = YES;
				CLANG_WARN_OBJC_ROOT_CLASS = YES_ERROR;
				CLANG_WARN_QUOTED_INCLUDE_IN_FRAMEWORK_HEADER = YES;
				CLANG_WARN_RANGE_LOOP_ANALYSIS = YES;
				CLANG_WARN_STRICT_PROTOTYPES = YES;
				CLANG_WARN_SUSPICIOUS_MOVE = YES;
				CLANG_WARN_UNGUARDED_AVAILABILITY = YES_AGGRESSIVE;
				CLANG_WARN_UNREACHABLE_CODE = YES;
				CLANG_WARN__DUPLICATE_METHOD_MATCH = YES;
				COPY_PHASE_STRIP = NO;
				DEBUG_INFORMATION_FORMAT = dwarf;
				ENABLE_STRICT_OBJC_MSGSEND = YES;
				ENABLE_TESTABILITY = YES;
				GCC_C_LANGUAGE_STANDARD = gnu11;
				GCC_DYNAMIC_NO_PIC = NO;
				GCC_NO_COMMON_BLOCKS = YES;
				GCC_OPTIMIZATION_LEVEL = 0;
				GCC_PREPROCESSOR_DEFINITIONS = (
					"DEBUG=1",
					"$(inherited)",
				);
				GCC_WARN_64_TO_32_BIT_CONVERSION = YES;
				GCC_WARN_ABOUT_RETURN_TYPE = YES_ERROR;
				GCC_WARN_UNDECLARED_SELECTOR = YES;
				GCC_WARN_UNINITIALIZED_AUTOS = YES_AGGRESSIVE;
				GCC_WARN_UNUSED_FUNCTION = YES;
				GCC_WARN_UNUSED_VARIABLE = YES;
				IPHONEOS_DEPLOYMENT_TARGET = 15.5;
				MTL_ENABLE_DEBUG_INFO = INCLUDE_SOURCE;
				MTL_FAST_MATH = YES;
				ONLY_ACTIVE_ARCH = YES;
				SDKROOT = iphoneos;
				SWIFT_ACTIVE_COMPILATION_CONDITIONS = DEBUG;
				SWIFT_OPTIMIZATION_LEVEL = "-Onone";
			};
			name = Debug;
		};
		65F8034828B9249E0039E5F9 /* Release */ = {
			isa = XCBuildConfiguration;
			buildSettings = {
				ALWAYS_SEARCH_USER_PATHS = NO;
				CLANG_ANALYZER_NONNULL = YES;
				CLANG_ANALYZER_NUMBER_OBJECT_CONVERSION = YES_AGGRESSIVE;
				CLANG_CXX_LANGUAGE_STANDARD = "gnu++17";
				CLANG_ENABLE_MODULES = YES;
				CLANG_ENABLE_OBJC_ARC = YES;
				CLANG_ENABLE_OBJC_WEAK = YES;
				CLANG_WARN_BLOCK_CAPTURE_AUTORELEASING = YES;
				CLANG_WARN_BOOL_CONVERSION = YES;
				CLANG_WARN_COMMA = YES;
				CLANG_WARN_CONSTANT_CONVERSION = YES;
				CLANG_WARN_DEPRECATED_OBJC_IMPLEMENTATIONS = YES;
				CLANG_WARN_DIRECT_OBJC_ISA_USAGE = YES_ERROR;
				CLANG_WARN_DOCUMENTATION_COMMENTS = YES;
				CLANG_WARN_EMPTY_BODY = YES;
				CLANG_WARN_ENUM_CONVERSION = YES;
				CLANG_WARN_INFINITE_RECURSION = YES;
				CLANG_WARN_INT_CONVERSION = YES;
				CLANG_WARN_NON_LITERAL_NULL_CONVERSION = YES;
				CLANG_WARN_OBJC_IMPLICIT_RETAIN_SELF = YES;
				CLANG_WARN_OBJC_LITERAL_CONVERSION = YES;
				CLANG_WARN_OBJC_ROOT_CLASS = YES_ERROR;
				CLANG_WARN_QUOTED_INCLUDE_IN_FRAMEWORK_HEADER = YES;
				CLANG_WARN_RANGE_LOOP_ANALYSIS = YES;
				CLANG_WARN_STRICT_PROTOTYPES = YES;
				CLANG_WARN_SUSPICIOUS_MOVE = YES;
				CLANG_WARN_UNGUARDED_AVAILABILITY = YES_AGGRESSIVE;
				CLANG_WARN_UNREACHABLE_CODE = YES;
				CLANG_WARN__DUPLICATE_METHOD_MATCH = YES;
				COPY_PHASE_STRIP = NO;
				DEBUG_INFORMATION_FORMAT = "dwarf-with-dsym";
				ENABLE_NS_ASSERTIONS = NO;
				ENABLE_STRICT_OBJC_MSGSEND = YES;
				GCC_C_LANGUAGE_STANDARD = gnu11;
				GCC_NO_COMMON_BLOCKS = YES;
				GCC_WARN_64_TO_32_BIT_CONVERSION = YES;
				GCC_WARN_ABOUT_RETURN_TYPE = YES_ERROR;
				GCC_WARN_UNDECLARED_SELECTOR = YES;
				GCC_WARN_UNINITIALIZED_AUTOS = YES_AGGRESSIVE;
				GCC_WARN_UNUSED_FUNCTION = YES;
				GCC_WARN_UNUSED_VARIABLE = YES;
				IPHONEOS_DEPLOYMENT_TARGET = 15.5;
				MTL_ENABLE_DEBUG_INFO = NO;
				MTL_FAST_MATH = YES;
				SDKROOT = iphoneos;
				SWIFT_COMPILATION_MODE = wholemodule;
				SWIFT_OPTIMIZATION_LEVEL = "-O";
				VALIDATE_PRODUCT = YES;
			};
			name = Release;
		};
		65F8034A28B9249E0039E5F9 /* Debug */ = {
			isa = XCBuildConfiguration;
			buildSettings = {
				ASSETCATALOG_COMPILER_APPICON_NAME = AppIcon;
				ASSETCATALOG_COMPILER_GLOBAL_ACCENT_COLOR_NAME = AccentColor;
				CODE_SIGN_STYLE = Automatic;
				CURRENT_PROJECT_VERSION = 1;
				GENERATE_INFOPLIST_FILE = YES;
				INFOPLIST_FILE = SuperView/Info.plist;
				INFOPLIST_KEY_UIApplicationSupportsIndirectInputEvents = YES;
				INFOPLIST_KEY_UILaunchStoryboardName = LaunchScreen;
				INFOPLIST_KEY_UIMainStoryboardFile = Main;
				INFOPLIST_KEY_UISupportedInterfaceOrientations = "UIInterfaceOrientationPortrait UIInterfaceOrientationLandscapeRight";
				INFOPLIST_KEY_UISupportedInterfaceOrientations_iPad = "UIInterfaceOrientationPortrait UIInterfaceOrientationPortraitUpsideDown UIInterfaceOrientationLandscapeLeft UIInterfaceOrientationLandscapeRight";
				INFOPLIST_KEY_UISupportedInterfaceOrientations_iPhone = "UIInterfaceOrientationPortrait UIInterfaceOrientationLandscapeLeft UIInterfaceOrientationLandscapeRight";
				LD_RUNPATH_SEARCH_PATHS = (
					"$(inherited)",
					"@executable_path/Frameworks",
				);
				MARKETING_VERSION = 1.0;
				PRODUCT_BUNDLE_IDENTIFIER = kr.SuperView;
				PRODUCT_NAME = "$(TARGET_NAME)";
				SWIFT_EMIT_LOC_STRINGS = YES;
				SWIFT_VERSION = 5.0;
				TARGETED_DEVICE_FAMILY = "1,2";
			};
			name = Debug;
		};
		65F8034B28B9249E0039E5F9 /* Release */ = {
			isa = XCBuildConfiguration;
			buildSettings = {
				ASSETCATALOG_COMPILER_APPICON_NAME = AppIcon;
				ASSETCATALOG_COMPILER_GLOBAL_ACCENT_COLOR_NAME = AccentColor;
				CODE_SIGN_STYLE = Automatic;
				CURRENT_PROJECT_VERSION = 1;
				GENERATE_INFOPLIST_FILE = YES;
				INFOPLIST_FILE = SuperView/Info.plist;
				INFOPLIST_KEY_UIApplicationSupportsIndirectInputEvents = YES;
				INFOPLIST_KEY_UILaunchStoryboardName = LaunchScreen;
				INFOPLIST_KEY_UIMainStoryboardFile = Main;
				INFOPLIST_KEY_UISupportedInterfaceOrientations = "UIInterfaceOrientationPortrait UIInterfaceOrientationLandscapeRight";
				INFOPLIST_KEY_UISupportedInterfaceOrientations_iPad = "UIInterfaceOrientationPortrait UIInterfaceOrientationPortraitUpsideDown UIInterfaceOrientationLandscapeLeft UIInterfaceOrientationLandscapeRight";
				INFOPLIST_KEY_UISupportedInterfaceOrientations_iPhone = "UIInterfaceOrientationPortrait UIInterfaceOrientationLandscapeLeft UIInterfaceOrientationLandscapeRight";
				LD_RUNPATH_SEARCH_PATHS = (
					"$(inherited)",
					"@executable_path/Frameworks",
				);
				MARKETING_VERSION = 1.0;
				PRODUCT_BUNDLE_IDENTIFIER = kr.SuperView;
				PRODUCT_NAME = "$(TARGET_NAME)";
				SWIFT_EMIT_LOC_STRINGS = YES;
				SWIFT_VERSION = 5.0;
				TARGETED_DEVICE_FAMILY = "1,2";
			};
			name = Release;
		};
		65F8034D28B9249E0039E5F9 /* Debug */ = {
			isa = XCBuildConfiguration;
			buildSettings = {
				ALWAYS_EMBED_SWIFT_STANDARD_LIBRARIES = YES;
				BUNDLE_LOADER = "$(TEST_HOST)";
				CODE_SIGN_STYLE = Automatic;
				CURRENT_PROJECT_VERSION = 1;
				GENERATE_INFOPLIST_FILE = YES;
				IPHONEOS_DEPLOYMENT_TARGET = 15.5;
				MARKETING_VERSION = 1.0;
				PRODUCT_BUNDLE_IDENTIFIER = kr.SuperViewTests;
				PRODUCT_NAME = "$(TARGET_NAME)";
				SWIFT_EMIT_LOC_STRINGS = NO;
				SWIFT_VERSION = 5.0;
				TARGETED_DEVICE_FAMILY = "1,2";
				TEST_HOST = "$(BUILT_PRODUCTS_DIR)/SuperView.app/SuperView";
			};
			name = Debug;
		};
		65F8034E28B9249E0039E5F9 /* Release */ = {
			isa = XCBuildConfiguration;
			buildSettings = {
				ALWAYS_EMBED_SWIFT_STANDARD_LIBRARIES = YES;
				BUNDLE_LOADER = "$(TEST_HOST)";
				CODE_SIGN_STYLE = Automatic;
				CURRENT_PROJECT_VERSION = 1;
				GENERATE_INFOPLIST_FILE = YES;
				IPHONEOS_DEPLOYMENT_TARGET = 15.5;
				MARKETING_VERSION = 1.0;
				PRODUCT_BUNDLE_IDENTIFIER = kr.SuperViewTests;
				PRODUCT_NAME = "$(TARGET_NAME)";
				SWIFT_EMIT_LOC_STRINGS = NO;
				SWIFT_VERSION = 5.0;
				TARGETED_DEVICE_FAMILY = "1,2";
				TEST_HOST = "$(BUILT_PRODUCTS_DIR)/SuperView.app/SuperView";
			};
			name = Release;
		};
		65F8035028B9249E0039E5F9 /* Debug */ = {
			isa = XCBuildConfiguration;
			buildSettings = {
				ALWAYS_EMBED_SWIFT_STANDARD_LIBRARIES = YES;
				CODE_SIGN_STYLE = Automatic;
				CURRENT_PROJECT_VERSION = 1;
				GENERATE_INFOPLIST_FILE = YES;
				MARKETING_VERSION = 1.0;
				PRODUCT_BUNDLE_IDENTIFIER = kr.SuperViewUITests;
				PRODUCT_NAME = "$(TARGET_NAME)";
				SWIFT_EMIT_LOC_STRINGS = NO;
				SWIFT_VERSION = 5.0;
				TARGETED_DEVICE_FAMILY = "1,2";
				TEST_TARGET_NAME = SuperView;
			};
			name = Debug;
		};
		65F8035128B9249E0039E5F9 /* Release */ = {
			isa = XCBuildConfiguration;
			buildSettings = {
				ALWAYS_EMBED_SWIFT_STANDARD_LIBRARIES = YES;
				CODE_SIGN_STYLE = Automatic;
				CURRENT_PROJECT_VERSION = 1;
				GENERATE_INFOPLIST_FILE = YES;
				MARKETING_VERSION = 1.0;
				PRODUCT_BUNDLE_IDENTIFIER = kr.SuperViewUITests;
				PRODUCT_NAME = "$(TARGET_NAME)";
				SWIFT_EMIT_LOC_STRINGS = NO;
				SWIFT_VERSION = 5.0;
				TARGETED_DEVICE_FAMILY = "1,2";
				TEST_TARGET_NAME = SuperView;
			};
			name = Release;
		};
/* End XCBuildConfiguration section */

/* Begin XCConfigurationList section */
		65F8031A28B9249D0039E5F9 /* Build configuration list for PBXProject "SuperView" */ = {
			isa = XCConfigurationList;
			buildConfigurations = (
				65F8034728B9249E0039E5F9 /* Debug */,
				65F8034828B9249E0039E5F9 /* Release */,
			);
			defaultConfigurationIsVisible = 0;
			defaultConfigurationName = Release;
		};
		65F8034928B9249E0039E5F9 /* Build configuration list for PBXNativeTarget "SuperView" */ = {
			isa = XCConfigurationList;
			buildConfigurations = (
				65F8034A28B9249E0039E5F9 /* Debug */,
				65F8034B28B9249E0039E5F9 /* Release */,
			);
			defaultConfigurationIsVisible = 0;
			defaultConfigurationName = Release;
		};
		65F8034C28B9249E0039E5F9 /* Build configuration list for PBXNativeTarget "SuperViewTests" */ = {
			isa = XCConfigurationList;
			buildConfigurations = (
				65F8034D28B9249E0039E5F9 /* Debug */,
				65F8034E28B9249E0039E5F9 /* Release */,
			);
			defaultConfigurationIsVisible = 0;
			defaultConfigurationName = Release;
		};
		65F8034F28B9249E0039E5F9 /* Build configuration list for PBXNativeTarget "SuperViewUITests" */ = {
			isa = XCConfigurationList;
			buildConfigurations = (
				65F8035028B9249E0039E5F9 /* Debug */,
				65F8035128B9249E0039E5F9 /* Release */,
			);
			defaultConfigurationIsVisible = 0;
			defaultConfigurationName = Release;
		};
/* End XCConfigurationList section */
	};
	rootObject = 65F8031728B9249D0039E5F9 /* Project object */;
}
