// !$*UTF8*$!
{
	archiveVersion = 1;
	classes = {
	};
	objectVersion = 56;
	objects = {

/* Begin PBXBuildFile section */
		65B71E6E28F97DBA00DA944E /* AppDelegate.swift in Sources */ = {isa = PBXBuildFile; fileRef = 65B71E6D28F97DBA00DA944E /* AppDelegate.swift */; };
		65B71E7028F97DBA00DA944E /* SceneDelegate.swift in Sources */ = {isa = PBXBuildFile; fileRef = 65B71E6F28F97DBA00DA944E /* SceneDelegate.swift */; };
		65B71E7228F97DBA00DA944E /* ViewController.swift in Sources */ = {isa = PBXBuildFile; fileRef = 65B71E7128F97DBA00DA944E /* ViewController.swift */; };
		65B71E7528F97DBA00DA944E /* Main.storyboard in Resources */ = {isa = PBXBuildFile; fileRef = 65B71E7328F97DBA00DA944E /* Main.storyboard */; };
		65B71E7828F97DBA00DA944E /* Table.xcdatamodeld in Sources */ = {isa = PBXBuildFile; fileRef = 65B71E7628F97DBA00DA944E /* Table.xcdatamodeld */; };
		65B71E7A28F97DBB00DA944E /* Assets.xcassets in Resources */ = {isa = PBXBuildFile; fileRef = 65B71E7928F97DBB00DA944E /* Assets.xcassets */; };
		65B71E7D28F97DBB00DA944E /* LaunchScreen.storyboard in Resources */ = {isa = PBXBuildFile; fileRef = 65B71E7B28F97DBB00DA944E /* LaunchScreen.storyboard */; };
		65B71E8528F97EB100DA944E /* MainTableViewCell.swift in Sources */ = {isa = PBXBuildFile; fileRef = 65B71E8428F97EB100DA944E /* MainTableViewCell.swift */; };
		65B71E8728F9864E00DA944E /* City.swift in Sources */ = {isa = PBXBuildFile; fileRef = 65B71E8628F9864E00DA944E /* City.swift */; };
		65B71E8928F9869200DA944E /* DataManager.swift in Sources */ = {isa = PBXBuildFile; fileRef = 65B71E8828F9869200DA944E /* DataManager.swift */; };
		65B71E8B28F9975900DA944E /* DetailViewController.swift in Sources */ = {isa = PBXBuildFile; fileRef = 65B71E8A28F9975900DA944E /* DetailViewController.swift */; };
/* End PBXBuildFile section */

/* Begin PBXFileReference section */
		65B71E6A28F97DBA00DA944E /* Table.app */ = {isa = PBXFileReference; explicitFileType = wrapper.application; includeInIndex = 0; path = Table.app; sourceTree = BUILT_PRODUCTS_DIR; };
		65B71E6D28F97DBA00DA944E /* AppDelegate.swift */ = {isa = PBXFileReference; lastKnownFileType = sourcecode.swift; path = AppDelegate.swift; sourceTree = "<group>"; };
		65B71E6F28F97DBA00DA944E /* SceneDelegate.swift */ = {isa = PBXFileReference; lastKnownFileType = sourcecode.swift; path = SceneDelegate.swift; sourceTree = "<group>"; };
		65B71E7128F97DBA00DA944E /* ViewController.swift */ = {isa = PBXFileReference; lastKnownFileType = sourcecode.swift; path = ViewController.swift; sourceTree = "<group>"; };
		65B71E7428F97DBA00DA944E /* Base */ = {isa = PBXFileReference; lastKnownFileType = file.storyboard; name = Base; path = Base.lproj/Main.storyboard; sourceTree = "<group>"; };
		65B71E7728F97DBA00DA944E /* Table.xcdatamodel */ = {isa = PBXFileReference; lastKnownFileType = wrapper.xcdatamodel; path = Table.xcdatamodel; sourceTree = "<group>"; };
		65B71E7928F97DBB00DA944E /* Assets.xcassets */ = {isa = PBXFileReference; lastKnownFileType = folder.assetcatalog; path = Assets.xcassets; sourceTree = "<group>"; };
		65B71E7C28F97DBB00DA944E /* Base */ = {isa = PBXFileReference; lastKnownFileType = file.storyboard; name = Base; path = Base.lproj/LaunchScreen.storyboard; sourceTree = "<group>"; };
		65B71E7E28F97DBB00DA944E /* Info.plist */ = {isa = PBXFileReference; lastKnownFileType = text.plist.xml; path = Info.plist; sourceTree = "<group>"; };
		65B71E8428F97EB100DA944E /* MainTableViewCell.swift */ = {isa = PBXFileReference; lastKnownFileType = sourcecode.swift; path = MainTableViewCell.swift; sourceTree = "<group>"; };
		65B71E8628F9864E00DA944E /* City.swift */ = {isa = PBXFileReference; lastKnownFileType = sourcecode.swift; path = City.swift; sourceTree = "<group>"; };
		65B71E8828F9869200DA944E /* DataManager.swift */ = {isa = PBXFileReference; lastKnownFileType = sourcecode.swift; path = DataManager.swift; sourceTree = "<group>"; };
		65B71E8A28F9975900DA944E /* DetailViewController.swift */ = {isa = PBXFileReference; lastKnownFileType = sourcecode.swift; path = DetailViewController.swift; sourceTree = "<group>"; };
/* End PBXFileReference section */

/* Begin PBXFrameworksBuildPhase section */
		65B71E6728F97DBA00DA944E /* Frameworks */ = {
			isa = PBXFrameworksBuildPhase;
			buildActionMask = 2147483647;
			files = (
			);
			runOnlyForDeploymentPostprocessing = 0;
		};
/* End PBXFrameworksBuildPhase section */

/* Begin PBXGroup section */
		65B71E6128F97DBA00DA944E = {
			isa = PBXGroup;
			children = (
				65B71E6C28F97DBA00DA944E /* Table */,
				65B71E6B28F97DBA00DA944E /* Products */,
			);
			sourceTree = "<group>";
		};
		65B71E6B28F97DBA00DA944E /* Products */ = {
			isa = PBXGroup;
			children = (
				65B71E6A28F97DBA00DA944E /* Table.app */,
			);
			name = Products;
			sourceTree = "<group>";
		};
		65B71E6C28F97DBA00DA944E /* Table */ = {
			isa = PBXGroup;
			children = (
				65B71E6D28F97DBA00DA944E /* AppDelegate.swift */,
				65B71E6F28F97DBA00DA944E /* SceneDelegate.swift */,
				65B71E8628F9864E00DA944E /* City.swift */,
				65B71E8828F9869200DA944E /* DataManager.swift */,
				65B71E8428F97EB100DA944E /* MainTableViewCell.swift */,
				65B71E7128F97DBA00DA944E /* ViewController.swift */,
				65B71E8A28F9975900DA944E /* DetailViewController.swift */,
				65B71E7328F97DBA00DA944E /* Main.storyboard */,
				65B71E7B28F97DBB00DA944E /* LaunchScreen.storyboard */,
				65B71E7E28F97DBB00DA944E /* Info.plist */,
				65B71E7628F97DBA00DA944E /* Table.xcdatamodeld */,
				65B71E7928F97DBB00DA944E /* Assets.xcassets */,
			);
			path = Table;
			sourceTree = "<group>";
		};
/* End PBXGroup section */

/* Begin PBXNativeTarget section */
		65B71E6928F97DBA00DA944E /* Table */ = {
			isa = PBXNativeTarget;
			buildConfigurationList = 65B71E8128F97DBB00DA944E /* Build configuration list for PBXNativeTarget "Table" */;
			buildPhases = (
				65B71E6628F97DBA00DA944E /* Sources */,
				65B71E6728F97DBA00DA944E /* Frameworks */,
				65B71E6828F97DBA00DA944E /* Resources */,
			);
			buildRules = (
			);
			dependencies = (
			);
			name = Table;
			productName = Table;
			productReference = 65B71E6A28F97DBA00DA944E /* Table.app */;
			productType = "com.apple.product-type.application";
		};
/* End PBXNativeTarget section */

/* Begin PBXProject section */
		65B71E6228F97DBA00DA944E /* Project object */ = {
			isa = PBXProject;
			attributes = {
				BuildIndependentTargetsInParallel = 1;
				LastSwiftUpdateCheck = 1400;
				LastUpgradeCheck = 1400;
				TargetAttributes = {
					65B71E6928F97DBA00DA944E = {
						CreatedOnToolsVersion = 14.0.1;
					};
				};
			};
			buildConfigurationList = 65B71E6528F97DBA00DA944E /* Build configuration list for PBXProject "Table" */;
			compatibilityVersion = "Xcode 14.0";
			developmentRegion = en;
			hasScannedForEncodings = 0;
			knownRegions = (
				en,
				Base,
			);
			mainGroup = 65B71E6128F97DBA00DA944E;
			productRefGroup = 65B71E6B28F97DBA00DA944E /* Products */;
			projectDirPath = "";
			projectRoot = "";
			targets = (
				65B71E6928F97DBA00DA944E /* Table */,
			);
		};
/* End PBXProject section */

/* Begin PBXResourcesBuildPhase section */
		65B71E6828F97DBA00DA944E /* Resources */ = {
			isa = PBXResourcesBuildPhase;
			buildActionMask = 2147483647;
			files = (
				65B71E7D28F97DBB00DA944E /* LaunchScreen.storyboard in Resources */,
				65B71E7A28F97DBB00DA944E /* Assets.xcassets in Resources */,
				65B71E7528F97DBA00DA944E /* Main.storyboard in Resources */,
			);
			runOnlyForDeploymentPostprocessing = 0;
		};
/* End PBXResourcesBuildPhase section */

/* Begin PBXSourcesBuildPhase section */
		65B71E6628F97DBA00DA944E /* Sources */ = {
			isa = PBXSourcesBuildPhase;
			buildActionMask = 2147483647;
			files = (
				65B71E7228F97DBA00DA944E /* ViewController.swift in Sources */,
				65B71E6E28F97DBA00DA944E /* AppDelegate.swift in Sources */,
				65B71E8728F9864E00DA944E /* City.swift in Sources */,
				65B71E8928F9869200DA944E /* DataManager.swift in Sources */,
				65B71E7828F97DBA00DA944E /* Table.xcdatamodeld in Sources */,
				65B71E7028F97DBA00DA944E /* SceneDelegate.swift in Sources */,
				65B71E8528F97EB100DA944E /* MainTableViewCell.swift in Sources */,
				65B71E8B28F9975900DA944E /* DetailViewController.swift in Sources */,
			);
			runOnlyForDeploymentPostprocessing = 0;
		};
/* End PBXSourcesBuildPhase section */

/* Begin PBXVariantGroup section */
		65B71E7328F97DBA00DA944E /* Main.storyboard */ = {
			isa = PBXVariantGroup;
			children = (
				65B71E7428F97DBA00DA944E /* Base */,
			);
			name = Main.storyboard;
			sourceTree = "<group>";
		};
		65B71E7B28F97DBB00DA944E /* LaunchScreen.storyboard */ = {
			isa = PBXVariantGroup;
			children = (
				65B71E7C28F97DBB00DA944E /* Base */,
			);
			name = LaunchScreen.storyboard;
			sourceTree = "<group>";
		};
/* End PBXVariantGroup section */

/* Begin XCBuildConfiguration section */
		65B71E7F28F97DBB00DA944E /* Debug */ = {
			isa = XCBuildConfiguration;
			buildSettings = {
				ALWAYS_SEARCH_USER_PATHS = NO;
				CLANG_ANALYZER_NONNULL = YES;
				CLANG_ANALYZER_NUMBER_OBJECT_CONVERSION = YES_AGGRESSIVE;
				CLANG_CXX_LANGUAGE_STANDARD = "gnu++20";
				CLANG_ENABLE_MODULES = YES;
				CLANG_ENABLE_OBJC_ARC = YES;
				CLANG_ENABLE_OBJC_WEAK = YES;
				CLANG_WARN_BLOCK_CAPTURE_AUTORELEASING = YES;
				CLANG_WARN_BOOL_CONVERSION = YES;
				CLANG_WARN_COMMA = YES;
				CLANG_WARN_CONSTANT_CONVERSION = YES;
				CLANG_WARN_DEPRECATED_OBJC_IMPLEMENTATIONS = YES;
				CLANG_WARN_DIRECT_OBJC_ISA_USAGE = YES_ERROR;
				CLANG_WARN_DOCUMENTATION_COMMENTS = YES;
				CLANG_WARN_EMPTY_BODY = YES;
				CLANG_WARN_ENUM_CONVERSION = YES;
				CLANG_WARN_INFINITE_RECURSION = YES;
				CLANG_WARN_INT_CONVERSION = YES;
				CLANG_WARN_NON_LITERAL_NULL_CONVERSION = YES;
				CLANG_WARN_OBJC_IMPLICIT_RETAIN_SELF = YES;
				CLANG_WARN_OBJC_LITERAL_CONVERSION = YES;
				CLANG_WARN_OBJC_ROOT_CLASS = YES_ERROR;
				CLANG_WARN_QUOTED_INCLUDE_IN_FRAMEWORK_HEADER = YES;
				CLANG_WARN_RANGE_LOOP_ANALYSIS = YES;
				CLANG_WARN_STRICT_PROTOTYPES = YES;
				CLANG_WARN_SUSPICIOUS_MOVE = YES;
				CLANG_WARN_UNGUARDED_AVAILABILITY = YES_AGGRESSIVE;
				CLANG_WARN_UNREACHABLE_CODE = YES;
				CLANG_WARN__DUPLICATE_METHOD_MATCH = YES;
				COPY_PHASE_STRIP = NO;
				DEBUG_INFORMATION_FORMAT = dwarf;
				ENABLE_STRICT_OBJC_MSGSEND = YES;
				ENABLE_TESTABILITY = YES;
				GCC_C_LANGUAGE_STANDARD = gnu11;
				GCC_DYNAMIC_NO_PIC = NO;
				GCC_NO_COMMON_BLOCKS = YES;
				GCC_OPTIMIZATION_LEVEL = 0;
				GCC_PREPROCESSOR_DEFINITIONS = (
					"DEBUG=1",
					"$(inherited)",
				);
				GCC_WARN_64_TO_32_BIT_CONVERSION = YES;
				GCC_WARN_ABOUT_RETURN_TYPE = YES_ERROR;
				GCC_WARN_UNDECLARED_SELECTOR = YES;
				GCC_WARN_UNINITIALIZED_AUTOS = YES_AGGRESSIVE;
				GCC_WARN_UNUSED_FUNCTION = YES;
				GCC_WARN_UNUSED_VARIABLE = YES;
				IPHONEOS_DEPLOYMENT_TARGET = 16.0;
				MTL_ENABLE_DEBUG_INFO = INCLUDE_SOURCE;
				MTL_FAST_MATH = YES;
				ONLY_ACTIVE_ARCH = YES;
				SDKROOT = iphoneos;
				SWIFT_ACTIVE_COMPILATION_CONDITIONS = DEBUG;
				SWIFT_OPTIMIZATION_LEVEL = "-Onone";
			};
			name = Debug;
		};
		65B71E8028F97DBB00DA944E /* Release */ = {
			isa = XCBuildConfiguration;
			buildSettings = {
				ALWAYS_SEARCH_USER_PATHS = NO;
				CLANG_ANALYZER_NONNULL = YES;
				CLANG_ANALYZER_NUMBER_OBJECT_CONVERSION = YES_AGGRESSIVE;
				CLANG_CXX_LANGUAGE_STANDARD = "gnu++20";
				CLANG_ENABLE_MODULES = YES;
				CLANG_ENABLE_OBJC_ARC = YES;
				CLANG_ENABLE_OBJC_WEAK = YES;
				CLANG_WARN_BLOCK_CAPTURE_AUTORELEASING = YES;
				CLANG_WARN_BOOL_CONVERSION = YES;
				CLANG_WARN_COMMA = YES;
				CLANG_WARN_CONSTANT_CONVERSION = YES;
				CLANG_WARN_DEPRECATED_OBJC_IMPLEMENTATIONS = YES;
				CLANG_WARN_DIRECT_OBJC_ISA_USAGE = YES_ERROR;
				CLANG_WARN_DOCUMENTATION_COMMENTS = YES;
				CLANG_WARN_EMPTY_BODY = YES;
				CLANG_WARN_ENUM_CONVERSION = YES;
				CLANG_WARN_INFINITE_RECURSION = YES;
				CLANG_WARN_INT_CONVERSION = YES;
				CLANG_WARN_NON_LITERAL_NULL_CONVERSION = YES;
				CLANG_WARN_OBJC_IMPLICIT_RETAIN_SELF = YES;
				CLANG_WARN_OBJC_LITERAL_CONVERSION = YES;
				CLANG_WARN_OBJC_ROOT_CLASS = YES_ERROR;
				CLANG_WARN_QUOTED_INCLUDE_IN_FRAMEWORK_HEADER = YES;
				CLANG_WARN_RANGE_LOOP_ANALYSIS = YES;
				CLANG_WARN_STRICT_PROTOTYPES = YES;
				CLANG_WARN_SUSPICIOUS_MOVE = YES;
				CLANG_WARN_UNGUARDED_AVAILABILITY = YES_AGGRESSIVE;
				CLANG_WARN_UNREACHABLE_CODE = YES;
				CLANG_WARN__DUPLICATE_METHOD_MATCH = YES;
				COPY_PHASE_STRIP = NO;
				DEBUG_INFORMATION_FORMAT = "dwarf-with-dsym";
				ENABLE_NS_ASSERTIONS = NO;
				ENABLE_STRICT_OBJC_MSGSEND = YES;
				GCC_C_LANGUAGE_STANDARD = gnu11;
				GCC_NO_COMMON_BLOCKS = YES;
				GCC_WARN_64_TO_32_BIT_CONVERSION = YES;
				GCC_WARN_ABOUT_RETURN_TYPE = YES_ERROR;
				GCC_WARN_UNDECLARED_SELECTOR = YES;
				GCC_WARN_UNINITIALIZED_AUTOS = YES_AGGRESSIVE;
				GCC_WARN_UNUSED_FUNCTION = YES;
				GCC_WARN_UNUSED_VARIABLE = YES;
				IPHONEOS_DEPLOYMENT_TARGET = 16.0;
				MTL_ENABLE_DEBUG_INFO = NO;
				MTL_FAST_MATH = YES;
				SDKROOT = iphoneos;
				SWIFT_COMPILATION_MODE = wholemodule;
				SWIFT_OPTIMIZATION_LEVEL = "-O";
				VALIDATE_PRODUCT = YES;
			};
			name = Release;
		};
		65B71E8228F97DBB00DA944E /* Debug */ = {
			isa = XCBuildConfiguration;
			buildSettings = {
				ASSETCATALOG_COMPILER_APPICON_NAME = AppIcon;
				ASSETCATALOG_COMPILER_GLOBAL_ACCENT_COLOR_NAME = AccentColor;
				CODE_SIGN_STYLE = Automatic;
				CURRENT_PROJECT_VERSION = 1;
				GENERATE_INFOPLIST_FILE = YES;
				INFOPLIST_FILE = Table/Info.plist;
				INFOPLIST_KEY_UIApplicationSupportsIndirectInputEvents = YES;
				INFOPLIST_KEY_UILaunchStoryboardName = LaunchScreen;
				INFOPLIST_KEY_UIMainStoryboardFile = Main;
				INFOPLIST_KEY_UISupportedInterfaceOrientations = UIInterfaceOrientationPortrait;
				INFOPLIST_KEY_UISupportedInterfaceOrientations_iPad = "UIInterfaceOrientationLandscapeLeft UIInterfaceOrientationLandscapeRight UIInterfaceOrientationPortrait UIInterfaceOrientationPortraitUpsideDown";
				IPHONEOS_DEPLOYMENT_TARGET = 14.0;
				LD_RUNPATH_SEARCH_PATHS = (
					"$(inherited)",
					"@executable_path/Frameworks",
				);
				MARKETING_VERSION = 1.0;
				PRODUCT_BUNDLE_IDENTIFIER = io.github.lucidwild.Table;
				PRODUCT_NAME = "$(TARGET_NAME)";
				SWIFT_EMIT_LOC_STRINGS = YES;
				SWIFT_VERSION = 5.0;
				TARGETED_DEVICE_FAMILY = "1,2";
			};
			name = Debug;
		};
		65B71E8328F97DBB00DA944E /* Release */ = {
			isa = XCBuildConfiguration;
			buildSettings = {
				ASSETCATALOG_COMPILER_APPICON_NAME = AppIcon;
				ASSETCATALOG_COMPILER_GLOBAL_ACCENT_COLOR_NAME = AccentColor;
				CODE_SIGN_STYLE = Automatic;
				CURRENT_PROJECT_VERSION = 1;
				GENERATE_INFOPLIST_FILE = YES;
				INFOPLIST_FILE = Table/Info.plist;
				INFOPLIST_KEY_UIApplicationSupportsIndirectInputEvents = YES;
				INFOPLIST_KEY_UILaunchStoryboardName = LaunchScreen;
				INFOPLIST_KEY_UIMainStoryboardFile = Main;
				INFOPLIST_KEY_UISupportedInterfaceOrientations = UIInterfaceOrientationPortrait;
				INFOPLIST_KEY_UISupportedInterfaceOrientations_iPad = "UIInterfaceOrientationLandscapeLeft UIInterfaceOrientationLandscapeRight UIInterfaceOrientationPortrait UIInterfaceOrientationPortraitUpsideDown";
				IPHONEOS_DEPLOYMENT_TARGET = 14.0;
				LD_RUNPATH_SEARCH_PATHS = (
					"$(inherited)",
					"@executable_path/Frameworks",
				);
				MARKETING_VERSION = 1.0;
				PRODUCT_BUNDLE_IDENTIFIER = io.github.lucidwild.Table;
				PRODUCT_NAME = "$(TARGET_NAME)";
				SWIFT_EMIT_LOC_STRINGS = YES;
				SWIFT_VERSION = 5.0;
				TARGETED_DEVICE_FAMILY = "1,2";
			};
			name = Release;
		};
/* End XCBuildConfiguration section */

/* Begin XCConfigurationList section */
		65B71E6528F97DBA00DA944E /* Build configuration list for PBXProject "Table" */ = {
			isa = XCConfigurationList;
			buildConfigurations = (
				65B71E7F28F97DBB00DA944E /* Debug */,
				65B71E8028F97DBB00DA944E /* Release */,
			);
			defaultConfigurationIsVisible = 0;
			defaultConfigurationName = Release;
		};
		65B71E8128F97DBB00DA944E /* Build configuration list for PBXNativeTarget "Table" */ = {
			isa = XCConfigurationList;
			buildConfigurations = (
				65B71E8228F97DBB00DA944E /* Debug */,
				65B71E8328F97DBB00DA944E /* Release */,
			);
			defaultConfigurationIsVisible = 0;
			defaultConfigurationName = Release;
		};
/* End XCConfigurationList section */

/* Begin XCVersionGroup section */
		65B71E7628F97DBA00DA944E /* Table.xcdatamodeld */ = {
			isa = XCVersionGroup;
			children = (
				65B71E7728F97DBA00DA944E /* Table.xcdatamodel */,
			);
			currentVersion = 65B71E7728F97DBA00DA944E /* Table.xcdatamodel */;
			path = Table.xcdatamodeld;
			sourceTree = "<group>";
			versionGroupType = wrapper.xcdatamodel;
		};
/* End XCVersionGroup section */
	};
	rootObject = 65B71E6228F97DBA00DA944E /* Project object */;
}
