// !$*UTF8*$!
{
	archiveVersion = 1;
	classes = {
	};
	objectVersion = 55;
	objects = {

/* Begin PBXBuildFile section */
		65AF5F3F28BA28910095CCC5 /* AppDelegate.swift in Sources */ = {isa = PBXBuildFile; fileRef = 65AF5F3E28BA28910095CCC5 /* AppDelegate.swift */; };
		65AF5F4128BA28910095CCC5 /* SceneDelegate.swift in Sources */ = {isa = PBXBuildFile; fileRef = 65AF5F4028BA28910095CCC5 /* SceneDelegate.swift */; };
		65AF5F4328BA28910095CCC5 /* ViewController.swift in Sources */ = {isa = PBXBuildFile; fileRef = 65AF5F4228BA28910095CCC5 /* ViewController.swift */; };
		65AF5F4628BA28910095CCC5 /* Main.storyboard in Resources */ = {isa = PBXBuildFile; fileRef = 65AF5F4428BA28910095CCC5 /* Main.storyboard */; };
		65AF5F4828BA28910095CCC5 /* Assets.xcassets in Resources */ = {isa = PBXBuildFile; fileRef = 65AF5F4728BA28910095CCC5 /* Assets.xcassets */; };
		65AF5F4B28BA28910095CCC5 /* LaunchScreen.storyboard in Resources */ = {isa = PBXBuildFile; fileRef = 65AF5F4928BA28910095CCC5 /* LaunchScreen.storyboard */; };
		65AF5F5628BA28910095CCC5 /* imagePickerTests.swift in Sources */ = {isa = PBXBuildFile; fileRef = 65AF5F5528BA28910095CCC5 /* imagePickerTests.swift */; };
		65AF5F6028BA28910095CCC5 /* imagePickerUITests.swift in Sources */ = {isa = PBXBuildFile; fileRef = 65AF5F5F28BA28910095CCC5 /* imagePickerUITests.swift */; };
		65AF5F6228BA28910095CCC5 /* imagePickerUITestsLaunchTests.swift in Sources */ = {isa = PBXBuildFile; fileRef = 65AF5F6128BA28910095CCC5 /* imagePickerUITestsLaunchTests.swift */; };
/* End PBXBuildFile section */

/* Begin PBXContainerItemProxy section */
		65AF5F5228BA28910095CCC5 /* PBXContainerItemProxy */ = {
			isa = PBXContainerItemProxy;
			containerPortal = 65AF5F3328BA28900095CCC5 /* Project object */;
			proxyType = 1;
			remoteGlobalIDString = 65AF5F3A28BA28910095CCC5;
			remoteInfo = imagePicker;
		};
		65AF5F5C28BA28910095CCC5 /* PBXContainerItemProxy */ = {
			isa = PBXContainerItemProxy;
			containerPortal = 65AF5F3328BA28900095CCC5 /* Project object */;
			proxyType = 1;
			remoteGlobalIDString = 65AF5F3A28BA28910095CCC5;
			remoteInfo = imagePicker;
		};
/* End PBXContainerItemProxy section */

/* Begin PBXFileReference section */
		65AF5F3B28BA28910095CCC5 /* imagePicker.app */ = {isa = PBXFileReference; explicitFileType = wrapper.application; includeInIndex = 0; path = imagePicker.app; sourceTree = BUILT_PRODUCTS_DIR; };
		65AF5F3E28BA28910095CCC5 /* AppDelegate.swift */ = {isa = PBXFileReference; lastKnownFileType = sourcecode.swift; path = AppDelegate.swift; sourceTree = "<group>"; };
		65AF5F4028BA28910095CCC5 /* SceneDelegate.swift */ = {isa = PBXFileReference; lastKnownFileType = sourcecode.swift; path = SceneDelegate.swift; sourceTree = "<group>"; };
		65AF5F4228BA28910095CCC5 /* ViewController.swift */ = {isa = PBXFileReference; lastKnownFileType = sourcecode.swift; path = ViewController.swift; sourceTree = "<group>"; };
		65AF5F4528BA28910095CCC5 /* Base */ = {isa = PBXFileReference; lastKnownFileType = file.storyboard; name = Base; path = Base.lproj/Main.storyboard; sourceTree = "<group>"; };
		65AF5F4728BA28910095CCC5 /* Assets.xcassets */ = {isa = PBXFileReference; lastKnownFileType = folder.assetcatalog; path = Assets.xcassets; sourceTree = "<group>"; };
		65AF5F4A28BA28910095CCC5 /* Base */ = {isa = PBXFileReference; lastKnownFileType = file.storyboard; name = Base; path = Base.lproj/LaunchScreen.storyboard; sourceTree = "<group>"; };
		65AF5F4C28BA28910095CCC5 /* Info.plist */ = {isa = PBXFileReference; lastKnownFileType = text.plist.xml; path = Info.plist; sourceTree = "<group>"; };
		65AF5F5128BA28910095CCC5 /* imagePickerTests.xctest */ = {isa = PBXFileReference; explicitFileType = wrapper.cfbundle; includeInIndex = 0; path = imagePickerTests.xctest; sourceTree = BUILT_PRODUCTS_DIR; };
		65AF5F5528BA28910095CCC5 /* imagePickerTests.swift */ = {isa = PBXFileReference; lastKnownFileType = sourcecode.swift; path = imagePickerTests.swift; sourceTree = "<group>"; };
		65AF5F5B28BA28910095CCC5 /* imagePickerUITests.xctest */ = {isa = PBXFileReference; explicitFileType = wrapper.cfbundle; includeInIndex = 0; path = imagePickerUITests.xctest; sourceTree = BUILT_PRODUCTS_DIR; };
		65AF5F5F28BA28910095CCC5 /* imagePickerUITests.swift */ = {isa = PBXFileReference; lastKnownFileType = sourcecode.swift; path = imagePickerUITests.swift; sourceTree = "<group>"; };
		65AF5F6128BA28910095CCC5 /* imagePickerUITestsLaunchTests.swift */ = {isa = PBXFileReference; lastKnownFileType = sourcecode.swift; path = imagePickerUITestsLaunchTests.swift; sourceTree = "<group>"; };
/* End PBXFileReference section */

/* Begin PBXFrameworksBuildPhase section */
		65AF5F3828BA28910095CCC5 /* Frameworks */ = {
			isa = PBXFrameworksBuildPhase;
			buildActionMask = 2147483647;
			files = (
			);
			runOnlyForDeploymentPostprocessing = 0;
		};
		65AF5F4E28BA28910095CCC5 /* Frameworks */ = {
			isa = PBXFrameworksBuildPhase;
			buildActionMask = 2147483647;
			files = (
			);
			runOnlyForDeploymentPostprocessing = 0;
		};
		65AF5F5828BA28910095CCC5 /* Frameworks */ = {
			isa = PBXFrameworksBuildPhase;
			buildActionMask = 2147483647;
			files = (
			);
			runOnlyForDeploymentPostprocessing = 0;
		};
/* End PBXFrameworksBuildPhase section */

/* Begin PBXGroup section */
		65AF5F3228BA28900095CCC5 = {
			isa = PBXGroup;
			children = (
				65AF5F3D28BA28910095CCC5 /* imagePicker */,
				65AF5F5428BA28910095CCC5 /* imagePickerTests */,
				65AF5F5E28BA28910095CCC5 /* imagePickerUITests */,
				65AF5F3C28BA28910095CCC5 /* Products */,
			);
			sourceTree = "<group>";
		};
		65AF5F3C28BA28910095CCC5 /* Products */ = {
			isa = PBXGroup;
			children = (
				65AF5F3B28BA28910095CCC5 /* imagePicker.app */,
				65AF5F5128BA28910095CCC5 /* imagePickerTests.xctest */,
				65AF5F5B28BA28910095CCC5 /* imagePickerUITests.xctest */,
			);
			name = Products;
			sourceTree = "<group>";
		};
		65AF5F3D28BA28910095CCC5 /* imagePicker */ = {
			isa = PBXGroup;
			children = (
				65AF5F3E28BA28910095CCC5 /* AppDelegate.swift */,
				65AF5F4028BA28910095CCC5 /* SceneDelegate.swift */,
				65AF5F4228BA28910095CCC5 /* ViewController.swift */,
				65AF5F4428BA28910095CCC5 /* Main.storyboard */,
				65AF5F4728BA28910095CCC5 /* Assets.xcassets */,
				65AF5F4928BA28910095CCC5 /* LaunchScreen.storyboard */,
				65AF5F4C28BA28910095CCC5 /* Info.plist */,
			);
			path = imagePicker;
			sourceTree = "<group>";
		};
		65AF5F5428BA28910095CCC5 /* imagePickerTests */ = {
			isa = PBXGroup;
			children = (
				65AF5F5528BA28910095CCC5 /* imagePickerTests.swift */,
			);
			path = imagePickerTests;
			sourceTree = "<group>";
		};
		65AF5F5E28BA28910095CCC5 /* imagePickerUITests */ = {
			isa = PBXGroup;
			children = (
				65AF5F5F28BA28910095CCC5 /* imagePickerUITests.swift */,
				65AF5F6128BA28910095CCC5 /* imagePickerUITestsLaunchTests.swift */,
			);
			path = imagePickerUITests;
			sourceTree = "<group>";
		};
/* End PBXGroup section */

/* Begin PBXNativeTarget section */
		65AF5F3A28BA28910095CCC5 /* imagePicker */ = {
			isa = PBXNativeTarget;
			buildConfigurationList = 65AF5F6528BA28910095CCC5 /* Build configuration list for PBXNativeTarget "imagePicker" */;
			buildPhases = (
				65AF5F3728BA28910095CCC5 /* Sources */,
				65AF5F3828BA28910095CCC5 /* Frameworks */,
				65AF5F3928BA28910095CCC5 /* Resources */,
			);
			buildRules = (
			);
			dependencies = (
			);
			name = imagePicker;
			productName = imagePicker;
			productReference = 65AF5F3B28BA28910095CCC5 /* imagePicker.app */;
			productType = "com.apple.product-type.application";
		};
		65AF5F5028BA28910095CCC5 /* imagePickerTests */ = {
			isa = PBXNativeTarget;
			buildConfigurationList = 65AF5F6828BA28910095CCC5 /* Build configuration list for PBXNativeTarget "imagePickerTests" */;
			buildPhases = (
				65AF5F4D28BA28910095CCC5 /* Sources */,
				65AF5F4E28BA28910095CCC5 /* Frameworks */,
				65AF5F4F28BA28910095CCC5 /* Resources */,
			);
			buildRules = (
			);
			dependencies = (
				65AF5F5328BA28910095CCC5 /* PBXTargetDependency */,
			);
			name = imagePickerTests;
			productName = imagePickerTests;
			productReference = 65AF5F5128BA28910095CCC5 /* imagePickerTests.xctest */;
			productType = "com.apple.product-type.bundle.unit-test";
		};
		65AF5F5A28BA28910095CCC5 /* imagePickerUITests */ = {
			isa = PBXNativeTarget;
			buildConfigurationList = 65AF5F6B28BA28910095CCC5 /* Build configuration list for PBXNativeTarget "imagePickerUITests" */;
			buildPhases = (
				65AF5F5728BA28910095CCC5 /* Sources */,
				65AF5F5828BA28910095CCC5 /* Frameworks */,
				65AF5F5928BA28910095CCC5 /* Resources */,
			);
			buildRules = (
			);
			dependencies = (
				65AF5F5D28BA28910095CCC5 /* PBXTargetDependency */,
			);
			name = imagePickerUITests;
			productName = imagePickerUITests;
			productReference = 65AF5F5B28BA28910095CCC5 /* imagePickerUITests.xctest */;
			productType = "com.apple.product-type.bundle.ui-testing";
		};
/* End PBXNativeTarget section */

/* Begin PBXProject section */
		65AF5F3328BA28900095CCC5 /* Project object */ = {
			isa = PBXProject;
			attributes = {
				BuildIndependentTargetsInParallel = 1;
				LastSwiftUpdateCheck = 1340;
				LastUpgradeCheck = 1340;
				TargetAttributes = {
					65AF5F3A28BA28910095CCC5 = {
						CreatedOnToolsVersion = 13.4.1;
					};
					65AF5F5028BA28910095CCC5 = {
						CreatedOnToolsVersion = 13.4.1;
						TestTargetID = 65AF5F3A28BA28910095CCC5;
					};
					65AF5F5A28BA28910095CCC5 = {
						CreatedOnToolsVersion = 13.4.1;
						TestTargetID = 65AF5F3A28BA28910095CCC5;
					};
				};
			};
			buildConfigurationList = 65AF5F3628BA28900095CCC5 /* Build configuration list for PBXProject "imagePicker" */;
			compatibilityVersion = "Xcode 13.0";
			developmentRegion = en;
			hasScannedForEncodings = 0;
			knownRegions = (
				en,
				Base,
			);
			mainGroup = 65AF5F3228BA28900095CCC5;
			productRefGroup = 65AF5F3C28BA28910095CCC5 /* Products */;
			projectDirPath = "";
			projectRoot = "";
			targets = (
				65AF5F3A28BA28910095CCC5 /* imagePicker */,
				65AF5F5028BA28910095CCC5 /* imagePickerTests */,
				65AF5F5A28BA28910095CCC5 /* imagePickerUITests */,
			);
		};
/* End PBXProject section */

/* Begin PBXResourcesBuildPhase section */
		65AF5F3928BA28910095CCC5 /* Resources */ = {
			isa = PBXResourcesBuildPhase;
			buildActionMask = 2147483647;
			files = (
				65AF5F4B28BA28910095CCC5 /* LaunchScreen.storyboard in Resources */,
				65AF5F4828BA28910095CCC5 /* Assets.xcassets in Resources */,
				65AF5F4628BA28910095CCC5 /* Main.storyboard in Resources */,
			);
			runOnlyForDeploymentPostprocessing = 0;
		};
		65AF5F4F28BA28910095CCC5 /* Resources */ = {
			isa = PBXResourcesBuildPhase;
			buildActionMask = 2147483647;
			files = (
			);
			runOnlyForDeploymentPostprocessing = 0;
		};
		65AF5F5928BA28910095CCC5 /* Resources */ = {
			isa = PBXResourcesBuildPhase;
			buildActionMask = 2147483647;
			files = (
			);
			runOnlyForDeploymentPostprocessing = 0;
		};
/* End PBXResourcesBuildPhase section */

/* Begin PBXSourcesBuildPhase section */
		65AF5F3728BA28910095CCC5 /* Sources */ = {
			isa = PBXSourcesBuildPhase;
			buildActionMask = 2147483647;
			files = (
				65AF5F4328BA28910095CCC5 /* ViewController.swift in Sources */,
				65AF5F3F28BA28910095CCC5 /* AppDelegate.swift in Sources */,
				65AF5F4128BA28910095CCC5 /* SceneDelegate.swift in Sources */,
			);
			runOnlyForDeploymentPostprocessing = 0;
		};
		65AF5F4D28BA28910095CCC5 /* Sources */ = {
			isa = PBXSourcesBuildPhase;
			buildActionMask = 2147483647;
			files = (
				65AF5F5628BA28910095CCC5 /* imagePickerTests.swift in Sources */,
			);
			runOnlyForDeploymentPostprocessing = 0;
		};
		65AF5F5728BA28910095CCC5 /* Sources */ = {
			isa = PBXSourcesBuildPhase;
			buildActionMask = 2147483647;
			files = (
				65AF5F6228BA28910095CCC5 /* imagePickerUITestsLaunchTests.swift in Sources */,
				65AF5F6028BA28910095CCC5 /* imagePickerUITests.swift in Sources */,
			);
			runOnlyForDeploymentPostprocessing = 0;
		};
/* End PBXSourcesBuildPhase section */

/* Begin PBXTargetDependency section */
		65AF5F5328BA28910095CCC5 /* PBXTargetDependency */ = {
			isa = PBXTargetDependency;
			target = 65AF5F3A28BA28910095CCC5 /* imagePicker */;
			targetProxy = 65AF5F5228BA28910095CCC5 /* PBXContainerItemProxy */;
		};
		65AF5F5D28BA28910095CCC5 /* PBXTargetDependency */ = {
			isa = PBXTargetDependency;
			target = 65AF5F3A28BA28910095CCC5 /* imagePicker */;
			targetProxy = 65AF5F5C28BA28910095CCC5 /* PBXContainerItemProxy */;
		};
/* End PBXTargetDependency section */

/* Begin PBXVariantGroup section */
		65AF5F4428BA28910095CCC5 /* Main.storyboard */ = {
			isa = PBXVariantGroup;
			children = (
				65AF5F4528BA28910095CCC5 /* Base */,
			);
			name = Main.storyboard;
			sourceTree = "<group>";
		};
		65AF5F4928BA28910095CCC5 /* LaunchScreen.storyboard */ = {
			isa = PBXVariantGroup;
			children = (
				65AF5F4A28BA28910095CCC5 /* Base */,
			);
			name = LaunchScreen.storyboard;
			sourceTree = "<group>";
		};
/* End PBXVariantGroup section */

/* Begin XCBuildConfiguration section */
		65AF5F6328BA28910095CCC5 /* Debug */ = {
			isa = XCBuildConfiguration;
			buildSettings = {
				ALWAYS_SEARCH_USER_PATHS = NO;
				CLANG_ANALYZER_NONNULL = YES;
				CLANG_ANALYZER_NUMBER_OBJECT_CONVERSION = YES_AGGRESSIVE;
				CLANG_CXX_LANGUAGE_STANDARD = "gnu++17";
				CLANG_ENABLE_MODULES = YES;
				CLANG_ENABLE_OBJC_ARC = YES;
				CLANG_ENABLE_OBJC_WEAK = YES;
				CLANG_WARN_BLOCK_CAPTURE_AUTORELEASING = YES;
				CLANG_WARN_BOOL_CONVERSION = YES;
				CLANG_WARN_COMMA = YES;
				CLANG_WARN_CONSTANT_CONVERSION = YES;
				CLANG_WARN_DEPRECATED_OBJC_IMPLEMENTATIONS = YES;
				CLANG_WARN_DIRECT_OBJC_ISA_USAGE = YES_ERROR;
				CLANG_WARN_DOCUMENTATION_COMMENTS = YES;
				CLANG_WARN_EMPTY_BODY = YES;
				CLANG_WARN_ENUM_CONVERSION = YES;
				CLANG_WARN_INFINITE_RECURSION = YES;
				CLANG_WARN_INT_CONVERSION = YES;
				CLANG_WARN_NON_LITERAL_NULL_CONVERSION = YES;
				CLANG_WARN_OBJC_IMPLICIT_RETAIN_SELF = YES;
				CLANG_WARN_OBJC_LITERAL_CONVERSION = YES;
				CLANG_WARN_OBJC_ROOT_CLASS = YES_ERROR;
				CLANG_WARN_QUOTED_INCLUDE_IN_FRAMEWORK_HEADER = YES;
				CLANG_WARN_RANGE_LOOP_ANALYSIS = YES;
				CLANG_WARN_STRICT_PROTOTYPES = YES;
				CLANG_WARN_SUSPICIOUS_MOVE = YES;
				CLANG_WARN_UNGUARDED_AVAILABILITY = YES_AGGRESSIVE;
				CLANG_WARN_UNREACHABLE_CODE = YES;
				CLANG_WARN__DUPLICATE_METHOD_MATCH = YES;
				COPY_PHASE_STRIP = NO;
				DEBUG_INFORMATION_FORMAT = dwarf;
				ENABLE_STRICT_OBJC_MSGSEND = YES;
				ENABLE_TESTABILITY = YES;
				GCC_C_LANGUAGE_STANDARD = gnu11;
				GCC_DYNAMIC_NO_PIC = NO;
				GCC_NO_COMMON_BLOCKS = YES;
				GCC_OPTIMIZATION_LEVEL = 0;
				GCC_PREPROCESSOR_DEFINITIONS = (
					"DEBUG=1",
					"$(inherited)",
				);
				GCC_WARN_64_TO_32_BIT_CONVERSION = YES;
				GCC_WARN_ABOUT_RETURN_TYPE = YES_ERROR;
				GCC_WARN_UNDECLARED_SELECTOR = YES;
				GCC_WARN_UNINITIALIZED_AUTOS = YES_AGGRESSIVE;
				GCC_WARN_UNUSED_FUNCTION = YES;
				GCC_WARN_UNUSED_VARIABLE = YES;
				IPHONEOS_DEPLOYMENT_TARGET = 15.5;
				MTL_ENABLE_DEBUG_INFO = INCLUDE_SOURCE;
				MTL_FAST_MATH = YES;
				ONLY_ACTIVE_ARCH = YES;
				SDKROOT = iphoneos;
				SWIFT_ACTIVE_COMPILATION_CONDITIONS = DEBUG;
				SWIFT_OPTIMIZATION_LEVEL = "-Onone";
			};
			name = Debug;
		};
		65AF5F6428BA28910095CCC5 /* Release */ = {
			isa = XCBuildConfiguration;
			buildSettings = {
				ALWAYS_SEARCH_USER_PATHS = NO;
				CLANG_ANALYZER_NONNULL = YES;
				CLANG_ANALYZER_NUMBER_OBJECT_CONVERSION = YES_AGGRESSIVE;
				CLANG_CXX_LANGUAGE_STANDARD = "gnu++17";
				CLANG_ENABLE_MODULES = YES;
				CLANG_ENABLE_OBJC_ARC = YES;
				CLANG_ENABLE_OBJC_WEAK = YES;
				CLANG_WARN_BLOCK_CAPTURE_AUTORELEASING = YES;
				CLANG_WARN_BOOL_CONVERSION = YES;
				CLANG_WARN_COMMA = YES;
				CLANG_WARN_CONSTANT_CONVERSION = YES;
				CLANG_WARN_DEPRECATED_OBJC_IMPLEMENTATIONS = YES;
				CLANG_WARN_DIRECT_OBJC_ISA_USAGE = YES_ERROR;
				CLANG_WARN_DOCUMENTATION_COMMENTS = YES;
				CLANG_WARN_EMPTY_BODY = YES;
				CLANG_WARN_ENUM_CONVERSION = YES;
				CLANG_WARN_INFINITE_RECURSION = YES;
				CLANG_WARN_INT_CONVERSION = YES;
				CLANG_WARN_NON_LITERAL_NULL_CONVERSION = YES;
				CLANG_WARN_OBJC_IMPLICIT_RETAIN_SELF = YES;
				CLANG_WARN_OBJC_LITERAL_CONVERSION = YES;
				CLANG_WARN_OBJC_ROOT_CLASS = YES_ERROR;
				CLANG_WARN_QUOTED_INCLUDE_IN_FRAMEWORK_HEADER = YES;
				CLANG_WARN_RANGE_LOOP_ANALYSIS = YES;
				CLANG_WARN_STRICT_PROTOTYPES = YES;
				CLANG_WARN_SUSPICIOUS_MOVE = YES;
				CLANG_WARN_UNGUARDED_AVAILABILITY = YES_AGGRESSIVE;
				CLANG_WARN_UNREACHABLE_CODE = YES;
				CLANG_WARN__DUPLICATE_METHOD_MATCH = YES;
				COPY_PHASE_STRIP = NO;
				DEBUG_INFORMATION_FORMAT = "dwarf-with-dsym";
				ENABLE_NS_ASSERTIONS = NO;
				ENABLE_STRICT_OBJC_MSGSEND = YES;
				GCC_C_LANGUAGE_STANDARD = gnu11;
				GCC_NO_COMMON_BLOCKS = YES;
				GCC_WARN_64_TO_32_BIT_CONVERSION = YES;
				GCC_WARN_ABOUT_RETURN_TYPE = YES_ERROR;
				GCC_WARN_UNDECLARED_SELECTOR = YES;
				GCC_WARN_UNINITIALIZED_AUTOS = YES_AGGRESSIVE;
				GCC_WARN_UNUSED_FUNCTION = YES;
				GCC_WARN_UNUSED_VARIABLE = YES;
				IPHONEOS_DEPLOYMENT_TARGET = 15.5;
				MTL_ENABLE_DEBUG_INFO = NO;
				MTL_FAST_MATH = YES;
				SDKROOT = iphoneos;
				SWIFT_COMPILATION_MODE = wholemodule;
				SWIFT_OPTIMIZATION_LEVEL = "-O";
				VALIDATE_PRODUCT = YES;
			};
			name = Release;
		};
		65AF5F6628BA28910095CCC5 /* Debug */ = {
			isa = XCBuildConfiguration;
			buildSettings = {
				ASSETCATALOG_COMPILER_APPICON_NAME = AppIcon;
				ASSETCATALOG_COMPILER_GLOBAL_ACCENT_COLOR_NAME = AccentColor;
				CODE_SIGN_STYLE = Automatic;
				CURRENT_PROJECT_VERSION = 1;
				GENERATE_INFOPLIST_FILE = YES;
				INFOPLIST_FILE = imagePicker/Info.plist;
				INFOPLIST_KEY_UIApplicationSupportsIndirectInputEvents = YES;
				INFOPLIST_KEY_UILaunchStoryboardName = LaunchScreen;
				INFOPLIST_KEY_UIMainStoryboardFile = Main;
				INFOPLIST_KEY_UISupportedInterfaceOrientations = "UIInterfaceOrientationPortrait UIInterfaceOrientationLandscapeLeft UIInterfaceOrientationLandscapeRight";
				INFOPLIST_KEY_UISupportedInterfaceOrientations_iPad = "UIInterfaceOrientationPortrait UIInterfaceOrientationPortraitUpsideDown UIInterfaceOrientationLandscapeLeft UIInterfaceOrientationLandscapeRight";
				INFOPLIST_KEY_UISupportedInterfaceOrientations_iPhone = "UIInterfaceOrientationPortrait UIInterfaceOrientationLandscapeLeft UIInterfaceOrientationLandscapeRight";
				LD_RUNPATH_SEARCH_PATHS = (
					"$(inherited)",
					"@executable_path/Frameworks",
				);
				MARKETING_VERSION = 1.0;
				PRODUCT_BUNDLE_IDENTIFIER = kr.imagePicker;
				PRODUCT_NAME = "$(TARGET_NAME)";
				SWIFT_EMIT_LOC_STRINGS = YES;
				SWIFT_VERSION = 5.0;
				TARGETED_DEVICE_FAMILY = "1,2";
			};
			name = Debug;
		};
		65AF5F6728BA28910095CCC5 /* Release */ = {
			isa = XCBuildConfiguration;
			buildSettings = {
				ASSETCATALOG_COMPILER_APPICON_NAME = AppIcon;
				ASSETCATALOG_COMPILER_GLOBAL_ACCENT_COLOR_NAME = AccentColor;
				CODE_SIGN_STYLE = Automatic;
				CURRENT_PROJECT_VERSION = 1;
				GENERATE_INFOPLIST_FILE = YES;
				INFOPLIST_FILE = imagePicker/Info.plist;
				INFOPLIST_KEY_UIApplicationSupportsIndirectInputEvents = YES;
				INFOPLIST_KEY_UILaunchStoryboardName = LaunchScreen;
				INFOPLIST_KEY_UIMainStoryboardFile = Main;
				INFOPLIST_KEY_UISupportedInterfaceOrientations = "UIInterfaceOrientationPortrait UIInterfaceOrientationLandscapeLeft UIInterfaceOrientationLandscapeRight";
				INFOPLIST_KEY_UISupportedInterfaceOrientations_iPad = "UIInterfaceOrientationPortrait UIInterfaceOrientationPortraitUpsideDown UIInterfaceOrientationLandscapeLeft UIInterfaceOrientationLandscapeRight";
				INFOPLIST_KEY_UISupportedInterfaceOrientations_iPhone = "UIInterfaceOrientationPortrait UIInterfaceOrientationLandscapeLeft UIInterfaceOrientationLandscapeRight";
				LD_RUNPATH_SEARCH_PATHS = (
					"$(inherited)",
					"@executable_path/Frameworks",
				);
				MARKETING_VERSION = 1.0;
				PRODUCT_BUNDLE_IDENTIFIER = kr.imagePicker;
				PRODUCT_NAME = "$(TARGET_NAME)";
				SWIFT_EMIT_LOC_STRINGS = YES;
				SWIFT_VERSION = 5.0;
				TARGETED_DEVICE_FAMILY = "1,2";
			};
			name = Release;
		};
		65AF5F6928BA28910095CCC5 /* Debug */ = {
			isa = XCBuildConfiguration;
			buildSettings = {
				ALWAYS_EMBED_SWIFT_STANDARD_LIBRARIES = YES;
				BUNDLE_LOADER = "$(TEST_HOST)";
				CODE_SIGN_STYLE = Automatic;
				CURRENT_PROJECT_VERSION = 1;
				GENERATE_INFOPLIST_FILE = YES;
				IPHONEOS_DEPLOYMENT_TARGET = 15.5;
				MARKETING_VERSION = 1.0;
				PRODUCT_BUNDLE_IDENTIFIER = kr.imagePickerTests;
				PRODUCT_NAME = "$(TARGET_NAME)";
				SWIFT_EMIT_LOC_STRINGS = NO;
				SWIFT_VERSION = 5.0;
				TARGETED_DEVICE_FAMILY = "1,2";
				TEST_HOST = "$(BUILT_PRODUCTS_DIR)/imagePicker.app/imagePicker";
			};
			name = Debug;
		};
		65AF5F6A28BA28910095CCC5 /* Release */ = {
			isa = XCBuildConfiguration;
			buildSettings = {
				ALWAYS_EMBED_SWIFT_STANDARD_LIBRARIES = YES;
				BUNDLE_LOADER = "$(TEST_HOST)";
				CODE_SIGN_STYLE = Automatic;
				CURRENT_PROJECT_VERSION = 1;
				GENERATE_INFOPLIST_FILE = YES;
				IPHONEOS_DEPLOYMENT_TARGET = 15.5;
				MARKETING_VERSION = 1.0;
				PRODUCT_BUNDLE_IDENTIFIER = kr.imagePickerTests;
				PRODUCT_NAME = "$(TARGET_NAME)";
				SWIFT_EMIT_LOC_STRINGS = NO;
				SWIFT_VERSION = 5.0;
				TARGETED_DEVICE_FAMILY = "1,2";
				TEST_HOST = "$(BUILT_PRODUCTS_DIR)/imagePicker.app/imagePicker";
			};
			name = Release;
		};
		65AF5F6C28BA28910095CCC5 /* Debug */ = {
			isa = XCBuildConfiguration;
			buildSettings = {
				ALWAYS_EMBED_SWIFT_STANDARD_LIBRARIES = YES;
				CODE_SIGN_STYLE = Automatic;
				CURRENT_PROJECT_VERSION = 1;
				GENERATE_INFOPLIST_FILE = YES;
				MARKETING_VERSION = 1.0;
				PRODUCT_BUNDLE_IDENTIFIER = kr.imagePickerUITests;
				PRODUCT_NAME = "$(TARGET_NAME)";
				SWIFT_EMIT_LOC_STRINGS = NO;
				SWIFT_VERSION = 5.0;
				TARGETED_DEVICE_FAMILY = "1,2";
				TEST_TARGET_NAME = imagePicker;
			};
			name = Debug;
		};
		65AF5F6D28BA28910095CCC5 /* Release */ = {
			isa = XCBuildConfiguration;
			buildSettings = {
				ALWAYS_EMBED_SWIFT_STANDARD_LIBRARIES = YES;
				CODE_SIGN_STYLE = Automatic;
				CURRENT_PROJECT_VERSION = 1;
				GENERATE_INFOPLIST_FILE = YES;
				MARKETING_VERSION = 1.0;
				PRODUCT_BUNDLE_IDENTIFIER = kr.imagePickerUITests;
				PRODUCT_NAME = "$(TARGET_NAME)";
				SWIFT_EMIT_LOC_STRINGS = NO;
				SWIFT_VERSION = 5.0;
				TARGETED_DEVICE_FAMILY = "1,2";
				TEST_TARGET_NAME = imagePicker;
			};
			name = Release;
		};
/* End XCBuildConfiguration section */

/* Begin XCConfigurationList section */
		65AF5F3628BA28900095CCC5 /* Build configuration list for PBXProject "imagePicker" */ = {
			isa = XCConfigurationList;
			buildConfigurations = (
				65AF5F6328BA28910095CCC5 /* Debug */,
				65AF5F6428BA28910095CCC5 /* Release */,
			);
			defaultConfigurationIsVisible = 0;
			defaultConfigurationName = Release;
		};
		65AF5F6528BA28910095CCC5 /* Build configuration list for PBXNativeTarget "imagePicker" */ = {
			isa = XCConfigurationList;
			buildConfigurations = (
				65AF5F6628BA28910095CCC5 /* Debug */,
				65AF5F6728BA28910095CCC5 /* Release */,
			);
			defaultConfigurationIsVisible = 0;
			defaultConfigurationName = Release;
		};
		65AF5F6828BA28910095CCC5 /* Build configuration list for PBXNativeTarget "imagePickerTests" */ = {
			isa = XCConfigurationList;
			buildConfigurations = (
				65AF5F6928BA28910095CCC5 /* Debug */,
				65AF5F6A28BA28910095CCC5 /* Release */,
			);
			defaultConfigurationIsVisible = 0;
			defaultConfigurationName = Release;
		};
		65AF5F6B28BA28910095CCC5 /* Build configuration list for PBXNativeTarget "imagePickerUITests" */ = {
			isa = XCConfigurationList;
			buildConfigurations = (
				65AF5F6C28BA28910095CCC5 /* Debug */,
				65AF5F6D28BA28910095CCC5 /* Release */,
			);
			defaultConfigurationIsVisible = 0;
			defaultConfigurationName = Release;
		};
/* End XCConfigurationList section */
	};
	rootObject = 65AF5F3328BA28900095CCC5 /* Project object */;
}
